
Microsoft Visual Studio Solution File, Format Version 12.00
# Visual Studio Version 16
VisualStudioVersion = 16.0.29926.136
MinimumVisualStudioVersion = 10.0.40219.1
Project("{8BC9CEB8-8B4A-11D0-8D11-00A0C91BC942}") = "RemControl", "RemControl\RemControl.vcxproj", "{C5F80730-F44F-4478-BDAE-6634EFC2CA88}"
EndProject
Project("{8BC9CEB8-8B4A-11D0-8D11-00A0C91BC942}") = "ASCII_LCD1620", "ASCII_LCD1620\ASCII_LCD1620.vcxproj", "{D221D113-F958-43B6-8381-7A70243EC4B4}"
EndProject
Project("{8BC9CEB8-8B4A-11D0-8D11-00A0C91BC942}") = "TestVoltage", "TestVoltage\TestVoltage.vcxproj", "{74F150CA-80C8-4309-9F6E-40A58D6736C6}"
EndProject
Global
	GlobalSection(SolutionConfigurationPlatforms) = preSolution
		Debug|x86 = Debug|x86
		Release|x86 = Release|x86
	EndGlobalSection
	GlobalSection(ProjectConfigurationPlatforms) = postSolution
		{C5F80730-F44F-4478-BDAE-6634EFC2CA88}.Debug|x86.ActiveCfg = Debug|Win32
		{C5F80730-F44F-4478-BDAE-6634EFC2CA88}.Debug|x86.Build.0 = Debug|Win32
		{C5F80730-F44F-4478-BDAE-6634EFC2CA88}.Release|x86.ActiveCfg = Release|Win32
		{C5F80730-F44F-4478-BDAE-6634EFC2CA88}.Release|x86.Build.0 = Release|Win32
		{D221D113-F958-43B6-8381-7A70243EC4B4}.Debug|x86.ActiveCfg = Debug|Win32
		{D221D113-F958-43B6-8381-7A70243EC4B4}.Debug|x86.Build.0 = Debug|Win32
		{D221D113-F958-43B6-8381-7A70243EC4B4}.Release|x86.ActiveCfg = Release|Win32
		{D221D113-F958-43B6-8381-7A70243EC4B4}.Release|x86.Build.0 = Release|Win32
		{74F150CA-80C8-4309-9F6E-40A58D6736C6}.Debug|x86.ActiveCfg = Debug|Win32
		{74F150CA-80C8-4309-9F6E-40A58D6736C6}.Debug|x86.Build.0 = Debug|Win32
		{74F150CA-80C8-4309-9F6E-40A58D6736C6}.Release|x86.ActiveCfg = Release|Win32
		{74F150CA-80C8-4309-9F6E-40A58D6736C6}.Release|x86.Build.0 = Release|Win32
	EndGlobalSection
	GlobalSection(SolutionProperties) = preSolution
		HideSolutionNode = FALSE
	EndGlobalSection
	GlobalSection(ExtensibilityGlobals) = postSolution
		SolutionGuid = {C0340313-55FD-48D6-BC7A-8A7B52B471CF}
	EndGlobalSection
EndGlobal
